
Microsoft Visual Studio Solution File, Format Version 12.00
# Visual Studio Version 16
VisualStudioVersion = 16.0.29326.143
MinimumVisualStudioVersion = 10.0.40219.1
Project("{9A19103F-16F7-4668-BE54-9A1E7A4F7556}") = "Domain", "Domain\Domain.csproj", "{927B80FE-2751-48CE-85BA-060137FAF5F9}"
EndProject
Project("{9A19103F-16F7-4668-BE54-9A1E7A4F7556}") = "UnitTests", "UnitTests\UnitTests.csproj", "{113DF10F-DC12-4ACC-90D0-1357B6D10E60}"
EndProject
Project("{9A19103F-16F7-4668-BE54-9A1E7A4F7556}") = "Application", "Application\Application.csproj", "{2168DD96-C617-4C01-9912-433359A39E55}"
EndProject
Project("{9A19103F-16F7-4668-BE54-9A1E7A4F7556}") = "Infra", "Infra\Infra.csproj", "{957924C8-CBBB-44FC-A026-F19212717C0D}"
EndProject
Project("{9A19103F-16F7-4668-BE54-9A1E7A4F7556}") = "WebApp", "WebApp\WebApp.csproj", "{842DD414-8456-4842-A593-B2646E8D6C3C}"
EndProject
Global
	GlobalSection(SolutionConfigurationPlatforms) = preSolution
		Debug|Any CPU = Debug|Any CPU
		Release|Any CPU = Release|Any CPU
	EndGlobalSection
	GlobalSection(ProjectConfigurationPlatforms) = postSolution
		{927B80FE-2751-48CE-85BA-060137FAF5F9}.Debug|Any CPU.ActiveCfg = Debug|Any CPU
		{927B80FE-2751-48CE-85BA-060137FAF5F9}.Debug|Any CPU.Build.0 = Debug|Any CPU
		{927B80FE-2751-48CE-85BA-060137FAF5F9}.Release|Any CPU.ActiveCfg = Release|Any CPU
		{927B80FE-2751-48CE-85BA-060137FAF5F9}.Release|Any CPU.Build.0 = Release|Any CPU
		{113DF10F-DC12-4ACC-90D0-1357B6D10E60}.Debug|Any CPU.ActiveCfg = Debug|Any CPU
		{113DF10F-DC12-4ACC-90D0-1357B6D10E60}.Debug|Any CPU.Build.0 = Debug|Any CPU
		{113DF10F-DC12-4ACC-90D0-1357B6D10E60}.Release|Any CPU.ActiveCfg = Release|Any CPU
		{113DF10F-DC12-4ACC-90D0-1357B6D10E60}.Release|Any CPU.Build.0 = Release|Any CPU
		{2168DD96-C617-4C01-9912-433359A39E55}.Debug|Any CPU.ActiveCfg = Debug|Any CPU
		{2168DD96-C617-4C01-9912-433359A39E55}.Debug|Any CPU.Build.0 = Debug|Any CPU
		{2168DD96-C617-4C01-9912-433359A39E55}.Release|Any CPU.ActiveCfg = Release|Any CPU
		{2168DD96-C617-4C01-9912-433359A39E55}.Release|Any CPU.Build.0 = Release|Any CPU
		{957924C8-CBBB-44FC-A026-F19212717C0D}.Debug|Any CPU.ActiveCfg = Debug|Any CPU
		{957924C8-CBBB-44FC-A026-F19212717C0D}.Debug|Any CPU.Build.0 = Debug|Any CPU
		{957924C8-CBBB-44FC-A026-F19212717C0D}.Release|Any CPU.ActiveCfg = Release|Any CPU
		{957924C8-CBBB-44FC-A026-F19212717C0D}.Release|Any CPU.Build.0 = Release|Any CPU
		{842DD414-8456-4842-A593-B2646E8D6C3C}.Debug|Any CPU.ActiveCfg = Debug|Any CPU
		{842DD414-8456-4842-A593-B2646E8D6C3C}.Debug|Any CPU.Build.0 = Debug|Any CPU
		{842DD414-8456-4842-A593-B2646E8D6C3C}.Release|Any CPU.ActiveCfg = Release|Any CPU
		{842DD414-8456-4842-A593-B2646E8D6C3C}.Release|Any CPU.Build.0 = Release|Any CPU
	EndGlobalSection
	GlobalSection(SolutionProperties) = preSolution
		HideSolutionNode = FALSE
	EndGlobalSection
	GlobalSection(ExtensibilityGlobals) = postSolution
		SolutionGuid = {015C84F8-7569-4587-BA61-7AC87CFEA65F}
	EndGlobalSection
EndGlobal
